
Microsoft Visual Studio Solution File, Format Version 12.00
# Visual Studio Version 17
VisualStudioVersion = 17.4.33110.190
MinimumVisualStudioVersion = 10.0.40219.1
Project("{9A19103F-16F7-4668-BE54-9A1E7A4F7556}") = "BotwRegistryToolkit", "src\BotwRegistryToolkit.csproj", "{7AB33C6F-7DB4-47FA-9A0C-ECF685A9F31F}"
EndProject
Project("{9A19103F-16F7-4668-BE54-9A1E7A4F7556}") = "BotwRegistryToolkit.Runtime", "runtime\BotwRegistryToolkit.Runtime.csproj", "{D1B35009-AAAF-4E2B-A814-95D82CA58C67}"
EndProject
Global
	GlobalSection(SolutionConfigurationPlatforms) = preSolution
		Debug|Any CPU = Debug|Any CPU
		Release|Any CPU = Release|Any CPU
	EndGlobalSection
	GlobalSection(ProjectConfigurationPlatforms) = postSolution
		{7AB33C6F-7DB4-47FA-9A0C-ECF685A9F31F}.Debug|Any CPU.ActiveCfg = Debug|Any CPU
		{7AB33C6F-7DB4-47FA-9A0C-ECF685A9F31F}.Debug|Any CPU.Build.0 = Debug|Any CPU
		{7AB33C6F-7DB4-47FA-9A0C-ECF685A9F31F}.Release|Any CPU.ActiveCfg = Release|Any CPU
		{7AB33C6F-7DB4-47FA-9A0C-ECF685A9F31F}.Release|Any CPU.Build.0 = Release|Any CPU
		{D1B35009-AAAF-4E2B-A814-95D82CA58C67}.Debug|Any CPU.ActiveCfg = Debug|Any CPU
		{D1B35009-AAAF-4E2B-A814-95D82CA58C67}.Debug|Any CPU.Build.0 = Debug|Any CPU
		{D1B35009-AAAF-4E2B-A814-95D82CA58C67}.Release|Any CPU.ActiveCfg = Release|Any CPU
		{D1B35009-AAAF-4E2B-A814-95D82CA58C67}.Release|Any CPU.Build.0 = Release|Any CPU
	EndGlobalSection
	GlobalSection(SolutionProperties) = preSolution
		HideSolutionNode = FALSE
	EndGlobalSection
	GlobalSection(ExtensibilityGlobals) = postSolution
		SolutionGuid = {669D8AEB-0202-44FD-93FC-39196418EDE0}
	EndGlobalSection
EndGlobal
